// !$*UTF8*$!
{
	archiveVersion = 1;
	classes = {
	};
	objectVersion = 46;
	objects = {

/* Begin PBXBuildFile section */
		F8A9A1F017FD5CDC00315B61 /* Foundation.framework in Frameworks */ = {isa = PBXBuildFile; fileRef = F8A9A1EF17FD5CDC00315B61 /* Foundation.framework */; };
		F8A9A1F217FD5CDC00315B61 /* CoreGraphics.framework in Frameworks */ = {isa = PBXBuildFile; fileRef = F8A9A1F117FD5CDC00315B61 /* CoreGraphics.framework */; };
		F8A9A1F417FD5CDC00315B61 /* UIKit.framework in Frameworks */ = {isa = PBXBuildFile; fileRef = F8A9A1F317FD5CDC00315B61 /* UIKit.framework */; };
		F8A9A1FA17FD5CDC00315B61 /* InfoPlist.strings in Resources */ = {isa = PBXBuildFile; fileRef = F8A9A1F817FD5CDC00315B61 /* InfoPlist.strings */; };
		F8A9A1FC17FD5CDC00315B61 /* main.m in Sources */ = {isa = PBXBuildFile; fileRef = F8A9A1FB17FD5CDC00315B61 /* main.m */; };
		F8A9A20017FD5CDC00315B61 /* AppDelegate.m in Sources */ = {isa = PBXBuildFile; fileRef = F8A9A1FF17FD5CDC00315B61 /* AppDelegate.m */; };
		F8A9A20317FD5CDC00315B61 /* Main.storyboard in Resources */ = {isa = PBXBuildFile; fileRef = F8A9A20117FD5CDC00315B61 /* Main.storyboard */; };
		F8A9A20617FD5CDC00315B61 /* ViewController.m in Sources */ = {isa = PBXBuildFile; fileRef = F8A9A20517FD5CDC00315B61 /* ViewController.m */; };
		F8A9A20817FD5CDC00315B61 /* Images.xcassets in Resources */ = {isa = PBXBuildFile; fileRef = F8A9A20717FD5CDC00315B61 /* Images.xcassets */; };
		F8A9A20F17FD5CDC00315B61 /* XCTest.framework in Frameworks */ = {isa = PBXBuildFile; fileRef = F8A9A20E17FD5CDC00315B61 /* XCTest.framework */; };
		F8A9A21017FD5CDC00315B61 /* Foundation.framework in Frameworks */ = {isa = PBXBuildFile; fileRef = F8A9A1EF17FD5CDC00315B61 /* Foundation.framework */; };
		F8A9A21117FD5CDC00315B61 /* UIKit.framework in Frameworks */ = {isa = PBXBuildFile; fileRef = F8A9A1F317FD5CDC00315B61 /* UIKit.framework */; };
		F8A9A21917FD5CDC00315B61 /* InfoPlist.strings in Resources */ = {isa = PBXBuildFile; fileRef = F8A9A21717FD5CDC00315B61 /* InfoPlist.strings */; };
		F8A9A21B17FD5CDC00315B61 /* TemperatureConverterTests.m in Sources */ = {isa = PBXBuildFile; fileRef = F8A9A21A17FD5CDC00315B61 /* TemperatureConverterTests.m */; };
/* End PBXBuildFile section */

/* Begin PBXContainerItemProxy section */
		F8A9A21217FD5CDC00315B61 /* PBXContainerItemProxy */ = {
			isa = PBXContainerItemProxy;
			containerPortal = F8A9A1E417FD5CDB00315B61 /* Project object */;
			proxyType = 1;
			remoteGlobalIDString = F8A9A1EB17FD5CDB00315B61;
			remoteInfo = TemperatureConverter;
		};
/* End PBXContainerItemProxy section */

/* Begin PBXFileReference section */
		F8A9A1EC17FD5CDB00315B61 /* TemperatureConverter.app */ = {isa = PBXFileReference; explicitFileType = wrapper.application; includeInIndex = 0; path = TemperatureConverter.app; sourceTree = BUILT_PRODUCTS_DIR; };
		F8A9A1EF17FD5CDC00315B61 /* Foundation.framework */ = {isa = PBXFileReference; lastKnownFileType = wrapper.framework; name = Foundation.framework; path = System/Library/Frameworks/Foundation.framework; sourceTree = SDKROOT; };
		F8A9A1F117FD5CDC00315B61 /* CoreGraphics.framework */ = {isa = PBXFileReference; lastKnownFileType = wrapper.framework; name = CoreGraphics.framework; path = System/Library/Frameworks/CoreGraphics.framework; sourceTree = SDKROOT; };
		F8A9A1F317FD5CDC00315B61 /* UIKit.framework */ = {isa = PBXFileReference; lastKnownFileType = wrapper.framework; name = UIKit.framework; path = System/Library/Frameworks/UIKit.framework; sourceTree = SDKROOT; };
		F8A9A1F717FD5CDC00315B61 /* TemperatureConverter-Info.plist */ = {isa = PBXFileReference; lastKnownFileType = text.plist.xml; path = "TemperatureConverter-Info.plist"; sourceTree = "<group>"; };
		F8A9A1F917FD5CDC00315B61 /* en */ = {isa = PBXFileReference; lastKnownFileType = text.plist.strings; name = en; path = en.lproj/InfoPlist.strings; sourceTree = "<group>"; };
		F8A9A1FB17FD5CDC00315B61 /* main.m */ = {isa = PBXFileReference; lastKnownFileType = sourcecode.c.objc; path = main.m; sourceTree = "<group>"; };
		F8A9A1FD17FD5CDC00315B61 /* TemperatureConverter-Prefix.pch */ = {isa = PBXFileReference; lastKnownFileType = sourcecode.c.h; path = "TemperatureConverter-Prefix.pch"; sourceTree = "<group>"; };
		F8A9A1FE17FD5CDC00315B61 /* AppDelegate.h */ = {isa = PBXFileReference; lastKnownFileType = sourcecode.c.h; path = AppDelegate.h; sourceTree = "<group>"; };
		F8A9A1FF17FD5CDC00315B61 /* AppDelegate.m */ = {isa = PBXFileReference; lastKnownFileType = sourcecode.c.objc; path = AppDelegate.m; sourceTree = "<group>"; };
		F8A9A20217FD5CDC00315B61 /* Base */ = {isa = PBXFileReference; lastKnownFileType = file.storyboard; name = Base; path = Base.lproj/Main.storyboard; sourceTree = "<group>"; };
		F8A9A20417FD5CDC00315B61 /* ViewController.h */ = {isa = PBXFileReference; lastKnownFileType = sourcecode.c.h; path = ViewController.h; sourceTree = "<group>"; };
		F8A9A20517FD5CDC00315B61 /* ViewController.m */ = {isa = PBXFileReference; lastKnownFileType = sourcecode.c.objc; path = ViewController.m; sourceTree = "<group>"; };
		F8A9A20717FD5CDC00315B61 /* Images.xcassets */ = {isa = PBXFileReference; lastKnownFileType = folder.assetcatalog; path = Images.xcassets; sourceTree = "<group>"; };
		F8A9A20D17FD5CDC00315B61 /* TemperatureConverterTests.xctest */ = {isa = PBXFileReference; explicitFileType = wrapper.cfbundle; includeInIndex = 0; path = TemperatureConverterTests.xctest; sourceTree = BUILT_PRODUCTS_DIR; };
		F8A9A20E17FD5CDC00315B61 /* XCTest.framework */ = {isa = PBXFileReference; lastKnownFileType = wrapper.framework; name = XCTest.framework; path = Library/Frameworks/XCTest.framework; sourceTree = DEVELOPER_DIR; };
		F8A9A21617FD5CDC00315B61 /* TemperatureConverterTests-Info.plist */ = {isa = PBXFileReference; lastKnownFileType = text.plist.xml; path = "TemperatureConverterTests-Info.plist"; sourceTree = "<group>"; };
		F8A9A21817FD5CDC00315B61 /* en */ = {isa = PBXFileReference; lastKnownFileType = text.plist.strings; name = en; path = en.lproj/InfoPlist.strings; sourceTree = "<group>"; };
		F8A9A21A17FD5CDC00315B61 /* TemperatureConverterTests.m */ = {isa = PBXFileReference; lastKnownFileType = sourcecode.c.objc; path = TemperatureConverterTests.m; sourceTree = "<group>"; };
/* End PBXFileReference section */

/* Begin PBXFrameworksBuildPhase section */
		F8A9A1E917FD5CDB00315B61 /* Frameworks */ = {
			isa = PBXFrameworksBuildPhase;
			buildActionMask = 2147483647;
			files = (
				F8A9A1F217FD5CDC00315B61 /* CoreGraphics.framework in Frameworks */,
				F8A9A1F417FD5CDC00315B61 /* UIKit.framework in Frameworks */,
				F8A9A1F017FD5CDC00315B61 /* Foundation.framework in Frameworks */,
			);
			runOnlyForDeploymentPostprocessing = 0;
		};
		F8A9A20A17FD5CDC00315B61 /* Frameworks */ = {
			isa = PBXFrameworksBuildPhase;
			buildActionMask = 2147483647;
			files = (
				F8A9A20F17FD5CDC00315B61 /* XCTest.framework in Frameworks */,
				F8A9A21117FD5CDC00315B61 /* UIKit.framework in Frameworks */,
				F8A9A21017FD5CDC00315B61 /* Foundation.framework in Frameworks */,
			);
			runOnlyForDeploymentPostprocessing = 0;
		};
/* End PBXFrameworksBuildPhase section */

/* Begin PBXGroup section */
		F8A9A1E317FD5CDB00315B61 = {
			isa = PBXGroup;
			children = (
				F8A9A1F517FD5CDC00315B61 /* TemperatureConverter */,
				F8A9A21417FD5CDC00315B61 /* TemperatureConverterTests */,
				F8A9A1EE17FD5CDB00315B61 /* Frameworks */,
				F8A9A1ED17FD5CDB00315B61 /* Products */,
			);
			sourceTree = "<group>";
		};
		F8A9A1ED17FD5CDB00315B61 /* Products */ = {
			isa = PBXGroup;
			children = (
				F8A9A1EC17FD5CDB00315B61 /* TemperatureConverter.app */,
				F8A9A20D17FD5CDC00315B61 /* TemperatureConverterTests.xctest */,
			);
			name = Products;
			sourceTree = "<group>";
		};
		F8A9A1EE17FD5CDB00315B61 /* Frameworks */ = {
			isa = PBXGroup;
			children = (
				F8A9A1EF17FD5CDC00315B61 /* Foundation.framework */,
				F8A9A1F117FD5CDC00315B61 /* CoreGraphics.framework */,
				F8A9A1F317FD5CDC00315B61 /* UIKit.framework */,
				F8A9A20E17FD5CDC00315B61 /* XCTest.framework */,
			);
			name = Frameworks;
			sourceTree = "<group>";
		};
		F8A9A1F517FD5CDC00315B61 /* TemperatureConverter */ = {
			isa = PBXGroup;
			children = (
				F8A9A1FE17FD5CDC00315B61 /* AppDelegate.h */,
				F8A9A1FF17FD5CDC00315B61 /* AppDelegate.m */,
				F8A9A20117FD5CDC00315B61 /* Main.storyboard */,
				F8A9A20417FD5CDC00315B61 /* ViewController.h */,
				F8A9A20517FD5CDC00315B61 /* ViewController.m */,
				F8A9A20717FD5CDC00315B61 /* Images.xcassets */,
				F8A9A1F617FD5CDC00315B61 /* Supporting Files */,
			);
			path = TemperatureConverter;
			sourceTree = "<group>";
		};
		F8A9A1F617FD5CDC00315B61 /* Supporting Files */ = {
			isa = PBXGroup;
			children = (
				F8A9A1F717FD5CDC00315B61 /* TemperatureConverter-Info.plist */,
				F8A9A1F817FD5CDC00315B61 /* InfoPlist.strings */,
				F8A9A1FB17FD5CDC00315B61 /* main.m */,
				F8A9A1FD17FD5CDC00315B61 /* TemperatureConverter-Prefix.pch */,
			);
			name = "Supporting Files";
			sourceTree = "<group>";
		};
		F8A9A21417FD5CDC00315B61 /* TemperatureConverterTests */ = {
			isa = PBXGroup;
			children = (
				F8A9A21A17FD5CDC00315B61 /* TemperatureConverterTests.m */,
				F8A9A21517FD5CDC00315B61 /* Supporting Files */,
			);
			path = TemperatureConverterTests;
			sourceTree = "<group>";
		};
		F8A9A21517FD5CDC00315B61 /* Supporting Files */ = {
			isa = PBXGroup;
			children = (
				F8A9A21617FD5CDC00315B61 /* TemperatureConverterTests-Info.plist */,
				F8A9A21717FD5CDC00315B61 /* InfoPlist.strings */,
			);
			name = "Supporting Files";
			sourceTree = "<group>";
		};
/* End PBXGroup section */

/* Begin PBXNativeTarget section */
		F8A9A1EB17FD5CDB00315B61 /* TemperatureConverter */ = {
			isa = PBXNativeTarget;
			buildConfigurationList = F8A9A21E17FD5CDC00315B61 /* Build configuration list for PBXNativeTarget "TemperatureConverter" */;
			buildPhases = (
				F8A9A1E817FD5CDB00315B61 /* Sources */,
				F8A9A1E917FD5CDB00315B61 /* Frameworks */,
				F8A9A1EA17FD5CDB00315B61 /* Resources */,
			);
			buildRules = (
			);
			dependencies = (
			);
			name = TemperatureConverter;
			productName = TemperatureConverter;
			productReference = F8A9A1EC17FD5CDB00315B61 /* TemperatureConverter.app */;
			productType = "com.apple.product-type.application";
		};
		F8A9A20C17FD5CDC00315B61 /* TemperatureConverterTests */ = {
			isa = PBXNativeTarget;
			buildConfigurationList = F8A9A22117FD5CDC00315B61 /* Build configuration list for PBXNativeTarget "TemperatureConverterTests" */;
			buildPhases = (
				F8A9A20917FD5CDC00315B61 /* Sources */,
				F8A9A20A17FD5CDC00315B61 /* Frameworks */,
				F8A9A20B17FD5CDC00315B61 /* Resources */,
			);
			buildRules = (
			);
			dependencies = (
				F8A9A21317FD5CDC00315B61 /* PBXTargetDependency */,
			);
			name = TemperatureConverterTests;
			productName = TemperatureConverterTests;
			productReference = F8A9A20D17FD5CDC00315B61 /* TemperatureConverterTests.xctest */;
			productType = "com.apple.product-type.bundle.unit-test";
		};
/* End PBXNativeTarget section */

/* Begin PBXProject section */
		F8A9A1E417FD5CDB00315B61 /* Project object */ = {
			isa = PBXProject;
			attributes = {
				LastUpgradeCheck = 0500;
				ORGANIZATIONNAME = "Sairam Sankaran";
				TargetAttributes = {
					F8A9A20C17FD5CDC00315B61 = {
						TestTargetID = F8A9A1EB17FD5CDB00315B61;
					};
				};
			};
			buildConfigurationList = F8A9A1E717FD5CDB00315B61 /* Build configuration list for PBXProject "TemperatureConverter" */;
			compatibilityVersion = "Xcode 3.2";
			developmentRegion = English;
			hasScannedForEncodings = 0;
			knownRegions = (
				en,
				Base,
			);
			mainGroup = F8A9A1E317FD5CDB00315B61;
			productRefGroup = F8A9A1ED17FD5CDB00315B61 /* Products */;
			projectDirPath = "";
			projectRoot = "";
			targets = (
				F8A9A1EB17FD5CDB00315B61 /* TemperatureConverter */,
				F8A9A20C17FD5CDC00315B61 /* TemperatureConverterTests */,
			);
		};
/* End PBXProject section */

/* Begin PBXResourcesBuildPhase section */
		F8A9A1EA17FD5CDB00315B61 /* Resources */ = {
			isa = PBXResourcesBuildPhase;
			buildActionMask = 2147483647;
			files = (
				F8A9A20817FD5CDC00315B61 /* Images.xcassets in Resources */,
				F8A9A1FA17FD5CDC00315B61 /* InfoPlist.strings in Resources */,
				F8A9A20317FD5CDC00315B61 /* Main.storyboard in Resources */,
			);
			runOnlyForDeploymentPostprocessing = 0;
		};
		F8A9A20B17FD5CDC00315B61 /* Resources */ = {
			isa = PBXResourcesBuildPhase;
			buildActionMask = 2147483647;
			files = (
				F8A9A21917FD5CDC00315B61 /* InfoPlist.strings in Resources */,
			);
			runOnlyForDeploymentPostprocessing = 0;
		};
/* End PBXResourcesBuildPhase section */

/* Begin PBXSourcesBuildPhase section */
		F8A9A1E817FD5CDB00315B61 /* Sources */ = {
			isa = PBXSourcesBuildPhase;
			buildActionMask = 2147483647;
			files = (
				F8A9A20617FD5CDC00315B61 /* ViewController.m in Sources */,
				F8A9A20017FD5CDC00315B61 /* AppDelegate.m in Sources */,
				F8A9A1FC17FD5CDC00315B61 /* main.m in Sources */,
			);
			runOnlyForDeploymentPostprocessing = 0;
		};
		F8A9A20917FD5CDC00315B61 /* Sources */ = {
			isa = PBXSourcesBuildPhase;
			buildActionMask = 2147483647;
			files = (
				F8A9A21B17FD5CDC00315B61 /* TemperatureConverterTests.m in Sources */,
			);
			runOnlyForDeploymentPostprocessing = 0;
		};
/* End PBXSourcesBuildPhase section */

/* Begin PBXTargetDependency section */
		F8A9A21317FD5CDC00315B61 /* PBXTargetDependency */ = {
			isa = PBXTargetDependency;
			target = F8A9A1EB17FD5CDB00315B61 /* TemperatureConverter */;
			targetProxy = F8A9A21217FD5CDC00315B61 /* PBXContainerItemProxy */;
		};
/* End PBXTargetDependency section */

/* Begin PBXVariantGroup section */
		F8A9A1F817FD5CDC00315B61 /* InfoPlist.strings */ = {
			isa = PBXVariantGroup;
			children = (
				F8A9A1F917FD5CDC00315B61 /* en */,
			);
			name = InfoPlist.strings;
			sourceTree = "<group>";
		};
		F8A9A20117FD5CDC00315B61 /* Main.storyboard */ = {
			isa = PBXVariantGroup;
			children = (
				F8A9A20217FD5CDC00315B61 /* Base */,
			);
			name = Main.storyboard;
			sourceTree = "<group>";
		};
		F8A9A21717FD5CDC00315B61 /* InfoPlist.strings */ = {
			isa = PBXVariantGroup;
			children = (
				F8A9A21817FD5CDC00315B61 /* en */,
			);
			name = InfoPlist.strings;
			sourceTree = "<group>";
		};
/* End PBXVariantGroup section */

/* Begin XCBuildConfiguration section */
		F8A9A21C17FD5CDC00315B61 /* Debug */ = {
			isa = XCBuildConfiguration;
			buildSettings = {
				ALWAYS_SEARCH_USER_PATHS = NO;
				ARCHS = "$(ARCHS_STANDARD_INCLUDING_64_BIT)";
				CLANG_CXX_LANGUAGE_STANDARD = "gnu++0x";
				CLANG_CXX_LIBRARY = "libc++";
				CLANG_ENABLE_MODULES = YES;
				CLANG_ENABLE_OBJC_ARC = YES;
				CLANG_WARN_BOOL_CONVERSION = YES;
				CLANG_WARN_CONSTANT_CONVERSION = YES;
				CLANG_WARN_DIRECT_OBJC_ISA_USAGE = YES_ERROR;
				CLANG_WARN_EMPTY_BODY = YES;
				CLANG_WARN_ENUM_CONVERSION = YES;
				CLANG_WARN_INT_CONVERSION = YES;
				CLANG_WARN_OBJC_ROOT_CLASS = YES_ERROR;
				CLANG_WARN__DUPLICATE_METHOD_MATCH = YES;
				"CODE_SIGN_IDENTITY[sdk=iphoneos*]" = "iPhone Developer";
				COPY_PHASE_STRIP = NO;
				GCC_C_LANGUAGE_STANDARD = gnu99;
				GCC_DYNAMIC_NO_PIC = NO;
				GCC_OPTIMIZATION_LEVEL = 0;
				GCC_PREPROCESSOR_DEFINITIONS = (
					"DEBUG=1",
					"$(inherited)",
				);
				GCC_SYMBOLS_PRIVATE_EXTERN = NO;
				GCC_WARN_64_TO_32_BIT_CONVERSION = YES;
				GCC_WARN_ABOUT_RETURN_TYPE = YES_ERROR;
				GCC_WARN_UNDECLARED_SELECTOR = YES;
				GCC_WARN_UNINITIALIZED_AUTOS = YES;
				GCC_WARN_UNUSED_FUNCTION = YES;
				GCC_WARN_UNUSED_VARIABLE = YES;
				IPHONEOS_DEPLOYMENT_TARGET = 7.0;
				ONLY_ACTIVE_ARCH = YES;
				SDKROOT = iphoneos;
			};
			name = Debug;
		};
		F8A9A21D17FD5CDC00315B61 /* Release */ = {
			isa = XCBuildConfiguration;
			buildSettings = {
				ALWAYS_SEARCH_USER_PATHS = NO;
				ARCHS = "$(ARCHS_STANDARD_INCLUDING_64_BIT)";
				CLANG_CXX_LANGUAGE_STANDARD = "gnu++0x";
				CLANG_CXX_LIBRARY = "libc++";
				CLANG_ENABLE_MODULES = YES;
				CLANG_ENABLE_OBJC_ARC = YES;
				CLANG_WARN_BOOL_CONVERSION = YES;
				CLANG_WARN_CONSTANT_CONVERSION = YES;
				CLANG_WARN_DIRECT_OBJC_ISA_USAGE = YES_ERROR;
				CLANG_WARN_EMPTY_BODY = YES;
				CLANG_WARN_ENUM_CONVERSION = YES;
				CLANG_WARN_INT_CONVERSION = YES;
				CLANG_WARN_OBJC_ROOT_CLASS = YES_ERROR;
				CLANG_WARN__DUPLICATE_METHOD_MATCH = YES;
				"CODE_SIGN_IDENTITY[sdk=iphoneos*]" = "iPhone Developer";
				COPY_PHASE_STRIP = YES;
				ENABLE_NS_ASSERTIONS = NO;
				GCC_C_LANGUAGE_STANDARD = gnu99;
				GCC_WARN_64_TO_32_BIT_CONVERSION = YES;
				GCC_WARN_ABOUT_RETURN_TYPE = YES_ERROR;
				GCC_WARN_UNDECLARED_SELECTOR = YES;
				GCC_WARN_UNINITIALIZED_AUTOS = YES;
				GCC_WARN_UNUSED_FUNCTION = YES;
				GCC_WARN_UNUSED_VARIABLE = YES;
				IPHONEOS_DEPLOYMENT_TARGET = 7.0;
				SDKROOT = iphoneos;
				VALIDATE_PRODUCT = YES;
			};
			name = Release;
		};
		F8A9A21F17FD5CDC00315B61 /* Debug */ = {
			isa = XCBuildConfiguration;
			buildSettings = {
				ASSETCATALOG_COMPILER_APPICON_NAME = AppIcon;
				ASSETCATALOG_COMPILER_LAUNCHIMAGE_NAME = LaunchImage;
				GCC_PRECOMPILE_PREFIX_HEADER = YES;
				GCC_PREFIX_HEADER = "TemperatureConverter/TemperatureConverter-Prefix.pch";
				INFOPLIST_FILE = "TemperatureConverter/TemperatureConverter-Info.plist";
				PRODUCT_NAME = "$(TARGET_NAME)";
				WRAPPER_EXTENSION = app;
			};
			name = Debug;
		};
		F8A9A22017FD5CDC00315B61 /* Release */ = {
			isa = XCBuildConfiguration;
			buildSettings = {
				ASSETCATALOG_COMPILER_APPICON_NAME = AppIcon;
				ASSETCATALOG_COMPILER_LAUNCHIMAGE_NAME = LaunchImage;
				GCC_PRECOMPILE_PREFIX_HEADER = YES;
				GCC_PREFIX_HEADER = "TemperatureConverter/TemperatureConverter-Prefix.pch";
				INFOPLIST_FILE = "TemperatureConverter/TemperatureConverter-Info.plist";
				PRODUCT_NAME = "$(TARGET_NAME)";
				WRAPPER_EXTENSION = app;
			};
			name = Release;
		};
		F8A9A22217FD5CDC00315B61 /* Debug */ = {
			isa = XCBuildConfiguration;
			buildSettings = {
				ARCHS = "$(ARCHS_STANDARD_INCLUDING_64_BIT)";
				BUNDLE_LOADER = "$(BUILT_PRODUCTS_DIR)/TemperatureConverter.app/TemperatureConverter";
				FRAMEWORK_SEARCH_PATHS = (
					"$(SDKROOT)/Developer/Library/Frameworks",
					"$(inherited)",
					"$(DEVELOPER_FRAMEWORKS_DIR)",
				);
				GCC_PRECOMPILE_PREFIX_HEADER = YES;
				GCC_PREFIX_HEADER = "TemperatureConverter/TemperatureConverter-Prefix.pch";
				GCC_PREPROCESSOR_DEFINITIONS = (
					"DEBUG=1",
					"$(inherited)",
				);
				INFOPLIST_FILE = "TemperatureConverterTests/TemperatureConverterTests-Info.plist";
				PRODUCT_NAME = "$(TARGET_NAME)";
				TEST_HOST = "$(BUNDLE_LOADER)";
				WRAPPER_EXTENSION = xctest;
			};
			name = Debug;
		};
		F8A9A22317FD5CDC00315B61 /* Release */ = {
			isa = XCBuildConfiguration;
			buildSettings = {
				ARCHS = "$(ARCHS_STANDARD_INCLUDING_64_BIT)";
				BUNDLE_LOADER = "$(BUILT_PRODUCTS_DIR)/TemperatureConverter.app/TemperatureConverter";
				FRAMEWORK_SEARCH_PATHS = (
					"$(SDKROOT)/Developer/Library/Frameworks",
					"$(inherited)",
					"$(DEVELOPER_FRAMEWORKS_DIR)",
				);
				GCC_PRECOMPILE_PREFIX_HEADER = YES;
				GCC_PREFIX_HEADER = "TemperatureConverter/TemperatureConverter-Prefix.pch";
				INFOPLIST_FILE = "TemperatureConverterTests/TemperatureConverterTests-Info.plist";
				PRODUCT_NAME = "$(TARGET_NAME)";
				TEST_HOST = "$(BUNDLE_LOADER)";
				WRAPPER_EXTENSION = xctest;
			};
			name = Release;
		};
/* End XCBuildConfiguration section */

/* Begin XCConfigurationList section */
		F8A9A1E717FD5CDB00315B61 /* Build configuration list for PBXProject "TemperatureConverter" */ = {
			isa = XCConfigurationList;
			buildConfigurations = (
				F8A9A21C17FD5CDC00315B61 /* Debug */,
				F8A9A21D17FD5CDC00315B61 /* Release */,
			);
			defaultConfigurationIsVisible = 0;
			defaultConfigurationName = Release;
		};
		F8A9A21E17FD5CDC00315B61 /* Build configuration list for PBXNativeTarget "TemperatureConverter" */ = {
			isa = XCConfigurationList;
			buildConfigurations = (
				F8A9A21F17FD5CDC00315B61 /* Debug */,
				F8A9A22017FD5CDC00315B61 /* Release */,
			);
			defaultConfigurationIsVisible = 0;
		};
		F8A9A22117FD5CDC00315B61 /* Build configuration list for PBXNativeTarget "TemperatureConverterTests" */ = {
			isa = XCConfigurationList;
			buildConfigurations = (
				F8A9A22217FD5CDC00315B61 /* Debug */,
				F8A9A22317FD5CDC00315B61 /* Release */,
			);
			defaultConfigurationIsVisible = 0;
		};
/* End XCConfigurationList section */
	};
	rootObject = F8A9A1E417FD5CDB00315B61 /* Project object */;
}
